# This file was autogenerated by Stack.
# You should not edit this file by hand.
# For more information, please see the documentation at:
#   https://docs.haskellstack.org/en/stable/topics/lock_files

packages:
# Listed in the order that they are encountered in the layers of snapshots,
# starting at the lowest layer:
- completed:
    hackage: acme-missiles-0.3@sha256:2ba66a092a32593880a87fb00f3213762d7bca65a687d45965778deb8694c5d1,613
    pantry-tree:
      sha256: 614bc0cca76937507ea0a5ccc17a504c997ce458d7f2f9e43b15a10c8eaeb033
      size: 226
  original:
    hackage: acme-missiles-0.3
- completed:
    hackage: optparse-applicative-0.18.1.0@sha256:0e2bdf1d6f2c1a2f3a9b0e0a8b8e4d2d3a4b5c6d7e8f90112233445566778899,2048
    pantry-tree:
      sha256: aa11bb22cc33dd44ee55ff66007788990011223344556677889900aabbccddee
      size: 512
  original:
    hackage: optparse-applicative-0.18.1.0
- completed:
    name: my-forked-lib
    version: 1.4.2
    git: https://github.com/example/my-forked-lib.git
    pantry-tree:
      sha256: f0e1d2c3b4a5968778695a4b3c2d1e0fa1b2c3d4e5f60718293a4b5c6d7e8f90
      size: 311
    commit: 0123456789abcdef0123456789abcdef01234567
  original:
    git: https://github.com/example/my-forked-lib.git
    commit: 0123456789abcdef0123456789abcdef01234567
snapshots:
- completed:
    sha256: 3c412a7c13dba6d3d808455a458e0776c58b6cf99b8a7961a2f5e55589d6f1d6
    size: 729011
    url: https://raw.githubusercontent.com/commercialhaskell/stackage-snapshots/master/lts/24/43.yaml
  original: lts-24.43
