version: 2.0
shards:
  ameba:
    git: https://github.com/crystal-ameba/ameba.git
    version: 1.6.1

  molinillo:
    git: https://github.com/crystal-lang/crystal-molinillo.git
    version: 0.2.0

  db:
    git: https://github.com/crystal-lang/crystal-db.git
    version: 0.13.1

  readline:
    git: https://github.com/crystal-lang/crystal-readline.git
    version: 0.1.0+git.commit.0fb7d186da8e1b157998d98d1c96e99699b791eb
